
Microsoft Visual Studio Solution File, Format Version 12.00
# Visual Studio 15
VisualStudioVersion = 15.0.28307.168
MinimumVisualStudioVersion = 10.0.40219.1
Project("{9A19103F-16F7-4668-BE54-9A1E7A4F7556}") = "TestProject", "TestProject\TestProject.csproj", "{C6CDB552-5823-4372-A359-E7A45FBC7339}"
EndProject
Project("{9A19103F-16F7-4668-BE54-9A1E7A4F7556}") = "TestProject.Common.Core", "TestProject.Common.Core\TestProject.Common.Core.csproj", "{6CD8F8D8-6ADB-478D-BAE8-0408BFE8E12D}"
EndProject
Project("{9A19103F-16F7-4668-BE54-9A1E7A4F7556}") = "TestProject.TaskLibrary", "TestProject.TaskLibrary\TestProject.TaskLibrary.csproj", "{8AA8B4FD-C18E-4979-88DB-FD7A2A7891FE}"
EndProject
Project("{9A19103F-16F7-4668-BE54-9A1E7A4F7556}") = "TestProject.ASP", "TestProject.ASP\TestProject.ASP.csproj", "{76E37FDD-D398-42D2-8EDE-339071C716C4}"
EndProject
Project("{FAE04EC0-301F-11D3-BF4B-00C04F79EFBC}") = "Calculator.Core", "Calculator.Core\Calculator.Core.csproj", "{4AB3C86C-A603-48ED-AD98-02EDB4861623}"
EndProject
Project("{FAE04EC0-301F-11D3-BF4B-00C04F79EFBC}") = "Calculator.Client", "Calculator.Client\Calculator.Client.csproj", "{11DA5222-8219-465D-A783-78EB3BBD6506}"
EndProject
Project("{FAE04EC0-301F-11D3-BF4B-00C04F79EFBC}") = "Calculator.NUnitTest", "Calculator.NUnitTest\Calculator.NUnitTest.csproj", "{FDFA5305-5813-4C01-8259-B9E501721359}"
EndProject
Project("{FAE04EC0-301F-11D3-BF4B-00C04F79EFBC}") = "Calculator.MSUnitTest", "Calculator.MSUnitTest\Calculator.MSUnitTest.csproj", "{0C14A1BB-2647-4722-AB8F-7ACCC7E81020}"
	ProjectSection(ProjectDependencies) = postProject
		{4AB3C86C-A603-48ED-AD98-02EDB4861623} = {4AB3C86C-A603-48ED-AD98-02EDB4861623}
	EndProjectSection
EndProject
Global
	GlobalSection(SolutionConfigurationPlatforms) = preSolution
		App.config|Any CPU = App.config|Any CPU
		Debug|Any CPU = Debug|Any CPU
		Release|Any CPU = Release|Any CPU
	EndGlobalSection
	GlobalSection(ProjectConfigurationPlatforms) = postSolution
		{C6CDB552-5823-4372-A359-E7A45FBC7339}.App.config|Any CPU.ActiveCfg = App1.config|Any CPU
		{C6CDB552-5823-4372-A359-E7A45FBC7339}.App.config|Any CPU.Build.0 = App1.config|Any CPU
		{C6CDB552-5823-4372-A359-E7A45FBC7339}.Debug|Any CPU.ActiveCfg = Debug|Any CPU
		{C6CDB552-5823-4372-A359-E7A45FBC7339}.Debug|Any CPU.Build.0 = Debug|Any CPU
		{C6CDB552-5823-4372-A359-E7A45FBC7339}.Release|Any CPU.ActiveCfg = Release|Any CPU
		{C6CDB552-5823-4372-A359-E7A45FBC7339}.Release|Any CPU.Build.0 = Release|Any CPU
		{6CD8F8D8-6ADB-478D-BAE8-0408BFE8E12D}.App.config|Any CPU.ActiveCfg = Release|Any CPU
		{6CD8F8D8-6ADB-478D-BAE8-0408BFE8E12D}.App.config|Any CPU.Build.0 = Release|Any CPU
		{6CD8F8D8-6ADB-478D-BAE8-0408BFE8E12D}.Debug|Any CPU.ActiveCfg = Debug|Any CPU
		{6CD8F8D8-6ADB-478D-BAE8-0408BFE8E12D}.Debug|Any CPU.Build.0 = Debug|Any CPU
		{6CD8F8D8-6ADB-478D-BAE8-0408BFE8E12D}.Release|Any CPU.ActiveCfg = Release|Any CPU
		{6CD8F8D8-6ADB-478D-BAE8-0408BFE8E12D}.Release|Any CPU.Build.0 = Release|Any CPU
		{8AA8B4FD-C18E-4979-88DB-FD7A2A7891FE}.App.config|Any CPU.ActiveCfg = Release|Any CPU
		{8AA8B4FD-C18E-4979-88DB-FD7A2A7891FE}.App.config|Any CPU.Build.0 = Release|Any CPU
		{8AA8B4FD-C18E-4979-88DB-FD7A2A7891FE}.Debug|Any CPU.ActiveCfg = Debug|Any CPU
		{8AA8B4FD-C18E-4979-88DB-FD7A2A7891FE}.Debug|Any CPU.Build.0 = Debug|Any CPU
		{8AA8B4FD-C18E-4979-88DB-FD7A2A7891FE}.Release|Any CPU.ActiveCfg = Release|Any CPU
		{8AA8B4FD-C18E-4979-88DB-FD7A2A7891FE}.Release|Any CPU.Build.0 = Release|Any CPU
		{76E37FDD-D398-42D2-8EDE-339071C716C4}.App.config|Any CPU.ActiveCfg = Release|Any CPU
		{76E37FDD-D398-42D2-8EDE-339071C716C4}.App.config|Any CPU.Build.0 = Release|Any CPU
		{76E37FDD-D398-42D2-8EDE-339071C716C4}.Debug|Any CPU.ActiveCfg = Debug|Any CPU
		{76E37FDD-D398-42D2-8EDE-339071C716C4}.Debug|Any CPU.Build.0 = Debug|Any CPU
		{76E37FDD-D398-42D2-8EDE-339071C716C4}.Release|Any CPU.ActiveCfg = Release|Any CPU
		{76E37FDD-D398-42D2-8EDE-339071C716C4}.Release|Any CPU.Build.0 = Release|Any CPU
		{4AB3C86C-A603-48ED-AD98-02EDB4861623}.App.config|Any CPU.ActiveCfg = Debug|Any CPU
		{4AB3C86C-A603-48ED-AD98-02EDB4861623}.App.config|Any CPU.Build.0 = Debug|Any CPU
		{4AB3C86C-A603-48ED-AD98-02EDB4861623}.Debug|Any CPU.ActiveCfg = Debug|Any CPU
		{4AB3C86C-A603-48ED-AD98-02EDB4861623}.Debug|Any CPU.Build.0 = Debug|Any CPU
		{4AB3C86C-A603-48ED-AD98-02EDB4861623}.Release|Any CPU.ActiveCfg = Release|Any CPU
		{4AB3C86C-A603-48ED-AD98-02EDB4861623}.Release|Any CPU.Build.0 = Release|Any CPU
		{11DA5222-8219-465D-A783-78EB3BBD6506}.App.config|Any CPU.ActiveCfg = Debug|Any CPU
		{11DA5222-8219-465D-A783-78EB3BBD6506}.App.config|Any CPU.Build.0 = Debug|Any CPU
		{11DA5222-8219-465D-A783-78EB3BBD6506}.Debug|Any CPU.ActiveCfg = Debug|Any CPU
		{11DA5222-8219-465D-A783-78EB3BBD6506}.Debug|Any CPU.Build.0 = Debug|Any CPU
		{11DA5222-8219-465D-A783-78EB3BBD6506}.Release|Any CPU.ActiveCfg = Release|Any CPU
		{11DA5222-8219-465D-A783-78EB3BBD6506}.Release|Any CPU.Build.0 = Release|Any CPU
		{FDFA5305-5813-4C01-8259-B9E501721359}.App.config|Any CPU.ActiveCfg = Debug|Any CPU
		{FDFA5305-5813-4C01-8259-B9E501721359}.App.config|Any CPU.Build.0 = Debug|Any CPU
		{FDFA5305-5813-4C01-8259-B9E501721359}.Debug|Any CPU.ActiveCfg = Debug|Any CPU
		{FDFA5305-5813-4C01-8259-B9E501721359}.Debug|Any CPU.Build.0 = Debug|Any CPU
		{FDFA5305-5813-4C01-8259-B9E501721359}.Release|Any CPU.ActiveCfg = Release|Any CPU
		{FDFA5305-5813-4C01-8259-B9E501721359}.Release|Any CPU.Build.0 = Release|Any CPU
		{0C14A1BB-2647-4722-AB8F-7ACCC7E81020}.App.config|Any CPU.ActiveCfg = Debug|Any CPU
		{0C14A1BB-2647-4722-AB8F-7ACCC7E81020}.App.config|Any CPU.Build.0 = Debug|Any CPU
		{0C14A1BB-2647-4722-AB8F-7ACCC7E81020}.Debug|Any CPU.ActiveCfg = Debug|Any CPU
		{0C14A1BB-2647-4722-AB8F-7ACCC7E81020}.Debug|Any CPU.Build.0 = Debug|Any CPU
		{0C14A1BB-2647-4722-AB8F-7ACCC7E81020}.Release|Any CPU.ActiveCfg = Release|Any CPU
		{0C14A1BB-2647-4722-AB8F-7ACCC7E81020}.Release|Any CPU.Build.0 = Release|Any CPU
	EndGlobalSection
	GlobalSection(SolutionProperties) = preSolution
		HideSolutionNode = FALSE
	EndGlobalSection
	GlobalSection(ExtensibilityGlobals) = postSolution
		SolutionGuid = {CCC40126-E63C-4663-908F-E59B59694DF7}
	EndGlobalSection
EndGlobal
