
Microsoft Visual Studio Solution File, Format Version 12.00
# Visual Studio 15
VisualStudioVersion = 15.0.28307.168
MinimumVisualStudioVersion = 10.0.40219.1
Project("{FAE04EC0-301F-11D3-BF4B-00C04F79EFBC}") = "TestProject", "TestProject\TestProject.csproj", "{C6CDB552-5823-4372-A359-E7A45FBC7339}"
EndProject
Project("{FAE04EC0-301F-11D3-BF4B-00C04F79EFBC}") = "TestProject.Common.Core", "TestProject.Common.Core\TestProject.Common.Core.csproj", "{6CD8F8D8-6ADB-478D-BAE8-0408BFE8E12D}"
EndProject
Project("{FAE04EC0-301F-11D3-BF4B-00C04F79EFBC}") = "TestProject.TaskLibrary", "TestProject.TaskLibrary\TestProject.TaskLibrary.csproj", "{8AA8B4FD-C18E-4979-88DB-FD7A2A7891FE}"
EndProject
Global
	GlobalSection(SolutionConfigurationPlatforms) = preSolution
		Debug|Any CPU = Debug|Any CPU
		Release|Any CPU = Release|Any CPU
	EndGlobalSection
	GlobalSection(ProjectConfigurationPlatforms) = postSolution
		{C6CDB552-5823-4372-A359-E7A45FBC7339}.Debug|Any CPU.ActiveCfg = Debug|Any CPU
		{C6CDB552-5823-4372-A359-E7A45FBC7339}.Debug|Any CPU.Build.0 = Debug|Any CPU
		{C6CDB552-5823-4372-A359-E7A45FBC7339}.Release|Any CPU.ActiveCfg = Release|Any CPU
		{C6CDB552-5823-4372-A359-E7A45FBC7339}.Release|Any CPU.Build.0 = Release|Any CPU
		{6CD8F8D8-6ADB-478D-BAE8-0408BFE8E12D}.Debug|Any CPU.ActiveCfg = Debug|Any CPU
		{6CD8F8D8-6ADB-478D-BAE8-0408BFE8E12D}.Debug|Any CPU.Build.0 = Debug|Any CPU
		{6CD8F8D8-6ADB-478D-BAE8-0408BFE8E12D}.Release|Any CPU.ActiveCfg = Release|Any CPU
		{6CD8F8D8-6ADB-478D-BAE8-0408BFE8E12D}.Release|Any CPU.Build.0 = Release|Any CPU
		{8AA8B4FD-C18E-4979-88DB-FD7A2A7891FE}.Debug|Any CPU.ActiveCfg = Debug|Any CPU
		{8AA8B4FD-C18E-4979-88DB-FD7A2A7891FE}.Debug|Any CPU.Build.0 = Debug|Any CPU
		{8AA8B4FD-C18E-4979-88DB-FD7A2A7891FE}.Release|Any CPU.ActiveCfg = Release|Any CPU
		{8AA8B4FD-C18E-4979-88DB-FD7A2A7891FE}.Release|Any CPU.Build.0 = Release|Any CPU
	EndGlobalSection
	GlobalSection(SolutionProperties) = preSolution
		HideSolutionNode = FALSE
	EndGlobalSection
	GlobalSection(ExtensibilityGlobals) = postSolution
		SolutionGuid = {CCC40126-E63C-4663-908F-E59B59694DF7}
	EndGlobalSection
EndGlobal
